PODS:
  - GoogleMaps (6.1.0):
    - GoogleMaps/Maps (= 6.1.0)
  - GoogleMaps/Base (6.1.0)
  - GoogleMaps/Maps (6.1.0):
    - GoogleMaps/Base
  - GooglePlaces (6.1.0)
  - MapboxCommon (21.1.0)
  - MapboxCoreMaps (10.3.2):
    - MapboxCommon (~> 21.1)
  - MapboxMaps (10.3.0):
    - MapboxCommon (= 21.1.0)
    - MapboxCoreMaps (= 10.3.2)
    - MapboxMobileEvents (= 1.0.7)
    - Turf (~> 2.0)
  - MapboxMobileEvents (1.0.7)
  - Turf (2.3.0)

DEPENDENCIES:
  - GoogleMaps
  - GooglePlaces
  - MapboxMaps (= 10.3.0)

SPEC REPOS:
  trunk:
    - GoogleMaps
    - GooglePlaces
    - MapboxCommon
    - MapboxCoreMaps
    - MapboxMaps
    - MapboxMobileEvents
    - Turf

SPEC CHECKSUMS:
  GoogleMaps: cffc5d24ce920063aaeebe6ac4dbaaca1dd7f377
  GooglePlaces: 66f0796e44d3bd83d82b1f19d8fe3cd7062fe930
  MapboxCommon: 019dac381fcb3aab115b5d488593261c810253ad
  MapboxCoreMaps: 418b6e02464c00d7227e778164f6ca67755ae6a1
  MapboxMaps: fc490ab5b8df6f74a82d35c56bc2ea4d576ad4ee
  MapboxMobileEvents: f7f3e8daeb4b83688ae62a4172dce79169a97233
  Turf: d8d52444483c968cf2d65b8b54640f8faf4dda03

PODFILE CHECKSUM: a4a3bbc89daa478934190c1700fdf893f2816ba0

COCOAPODS: 1.11.2
