// !$*UTF8*$!
{
	archiveVersion = 1;
	classes = {
	};
	objectVersion = 51;
	objects = {

/* Begin PBXBuildFile section */
		085D24AB27D87FB2008FCC5F /* ARViewController.swift in Sources */ = {isa = PBXBuildFile; fileRef = 085D24AA27D87FB2008FCC5F /* ARViewController.swift */; };
		3E903F64C502A356C46A269A /* Pods_SketchApp.framework in Frameworks */ = {isa = PBXBuildFile; fileRef = FA632C75E2D4243F0E4A8176 /* Pods_SketchApp.framework */; };
		5B0355D327D9FF11006731AE /* ScreenListViewController.swift in Sources */ = {isa = PBXBuildFile; fileRef = 5B0355D227D9FF11006731AE /* ScreenListViewController.swift */; };
		5B39C2E527B7C8D30025A4A4 /* AppDelegate.swift in Sources */ = {isa = PBXBuildFile; fileRef = 5B39C2E427B7C8D30025A4A4 /* AppDelegate.swift */; };
		5B39C2E927B7C8D30025A4A4 /* DrawViewController.swift in Sources */ = {isa = PBXBuildFile; fileRef = 5B39C2E827B7C8D30025A4A4 /* DrawViewController.swift */; };
		5B39C2EE27B7C8D50025A4A4 /* Assets.xcassets in Resources */ = {isa = PBXBuildFile; fileRef = 5B39C2ED27B7C8D50025A4A4 /* Assets.xcassets */; };
		5B39C2F127B7C8D50025A4A4 /* LaunchScreen.storyboard in Resources */ = {isa = PBXBuildFile; fileRef = 5B39C2EF27B7C8D50025A4A4 /* LaunchScreen.storyboard */; };
		5B39C2F927B7C9100025A4A4 /* PencilViewController.swift in Sources */ = {isa = PBXBuildFile; fileRef = 5B39C2F827B7C9100025A4A4 /* PencilViewController.swift */; };
		5B39C2FB27B7C93A0025A4A4 /* TabBarViewController.swift in Sources */ = {isa = PBXBuildFile; fileRef = 5B39C2FA27B7C93A0025A4A4 /* TabBarViewController.swift */; };
		5B39C2FD27B7CD420025A4A4 /* Sketch+UIView.swift in Sources */ = {isa = PBXBuildFile; fileRef = 5B39C2FC27B7CD420025A4A4 /* Sketch+UIView.swift */; };
		5B39C2FF27B7CDD50025A4A4 /* Sketch+UIImageView.swift in Sources */ = {isa = PBXBuildFile; fileRef = 5B39C2FE27B7CDD50025A4A4 /* Sketch+UIImageView.swift */; };
		5B39C30127B7CE270025A4A4 /* ImageDrawViewController.swift in Sources */ = {isa = PBXBuildFile; fileRef = 5B39C30027B7CE270025A4A4 /* ImageDrawViewController.swift */; };
		5B8E767A27DF132300470D0B /* MapBoxViewController.swift in Sources */ = {isa = PBXBuildFile; fileRef = 5B8E767927DF132300470D0B /* MapBoxViewController.swift */; };
		5B8E767C27DF134C00470D0B /* GoogleMapViewController.swift in Sources */ = {isa = PBXBuildFile; fileRef = 5B8E767B27DF134C00470D0B /* GoogleMapViewController.swift */; };
		5BF2DDC127B7E26600958460 /* PDFAnnotationViewController.swift in Sources */ = {isa = PBXBuildFile; fileRef = 5BF2DDC027B7E26600958460 /* PDFAnnotationViewController.swift */; };
/* End PBXBuildFile section */

/* Begin PBXFileReference section */
		085D24AA27D87FB2008FCC5F /* ARViewController.swift */ = {isa = PBXFileReference; lastKnownFileType = sourcecode.swift; path = ARViewController.swift; sourceTree = "<group>"; };
		5641E6A144839B03AA670E8E /* Pods-SketchApp.debug.xcconfig */ = {isa = PBXFileReference; includeInIndex = 1; lastKnownFileType = text.xcconfig; name = "Pods-SketchApp.debug.xcconfig"; path = "Target Support Files/Pods-SketchApp/Pods-SketchApp.debug.xcconfig"; sourceTree = "<group>"; };
		5B0355D227D9FF11006731AE /* ScreenListViewController.swift */ = {isa = PBXFileReference; lastKnownFileType = sourcecode.swift; path = ScreenListViewController.swift; sourceTree = "<group>"; };
		5B39C2E127B7C8D30025A4A4 /* SketchApp.app */ = {isa = PBXFileReference; explicitFileType = wrapper.application; includeInIndex = 0; path = SketchApp.app; sourceTree = BUILT_PRODUCTS_DIR; };
		5B39C2E427B7C8D30025A4A4 /* AppDelegate.swift */ = {isa = PBXFileReference; lastKnownFileType = sourcecode.swift; path = AppDelegate.swift; sourceTree = "<group>"; };
		5B39C2E827B7C8D30025A4A4 /* DrawViewController.swift */ = {isa = PBXFileReference; lastKnownFileType = sourcecode.swift; path = DrawViewController.swift; sourceTree = "<group>"; };
		5B39C2ED27B7C8D50025A4A4 /* Assets.xcassets */ = {isa = PBXFileReference; lastKnownFileType = folder.assetcatalog; path = Assets.xcassets; sourceTree = "<group>"; };
		5B39C2F027B7C8D50025A4A4 /* Base */ = {isa = PBXFileReference; lastKnownFileType = file.storyboard; name = Base; path = Base.lproj/LaunchScreen.storyboard; sourceTree = "<group>"; };
		5B39C2F227B7C8D50025A4A4 /* Info.plist */ = {isa = PBXFileReference; lastKnownFileType = text.plist.xml; path = Info.plist; sourceTree = "<group>"; };
		5B39C2F827B7C9100025A4A4 /* PencilViewController.swift */ = {isa = PBXFileReference; lastKnownFileType = sourcecode.swift; path = PencilViewController.swift; sourceTree = "<group>"; };
		5B39C2FA27B7C93A0025A4A4 /* TabBarViewController.swift */ = {isa = PBXFileReference; lastKnownFileType = sourcecode.swift; path = TabBarViewController.swift; sourceTree = "<group>"; };
		5B39C2FC27B7CD420025A4A4 /* Sketch+UIView.swift */ = {isa = PBXFileReference; lastKnownFileType = sourcecode.swift; path = "Sketch+UIView.swift"; sourceTree = "<group>"; };
		5B39C2FE27B7CDD50025A4A4 /* Sketch+UIImageView.swift */ = {isa = PBXFileReference; lastKnownFileType = sourcecode.swift; path = "Sketch+UIImageView.swift"; sourceTree = "<group>"; };
		5B39C30027B7CE270025A4A4 /* ImageDrawViewController.swift */ = {isa = PBXFileReference; lastKnownFileType = sourcecode.swift; path = ImageDrawViewController.swift; sourceTree = "<group>"; };
		5B8E767927DF132300470D0B /* MapBoxViewController.swift */ = {isa = PBXFileReference; lastKnownFileType = sourcecode.swift; path = MapBoxViewController.swift; sourceTree = "<group>"; };
		5B8E767B27DF134C00470D0B /* GoogleMapViewController.swift */ = {isa = PBXFileReference; lastKnownFileType = sourcecode.swift; path = GoogleMapViewController.swift; sourceTree = "<group>"; };
		5BF2DDC027B7E26600958460 /* PDFAnnotationViewController.swift */ = {isa = PBXFileReference; lastKnownFileType = sourcecode.swift; path = PDFAnnotationViewController.swift; sourceTree = "<group>"; };
		FA632C75E2D4243F0E4A8176 /* Pods_SketchApp.framework */ = {isa = PBXFileReference; explicitFileType = wrapper.framework; includeInIndex = 0; path = Pods_SketchApp.framework; sourceTree = BUILT_PRODUCTS_DIR; };
		FABD38A9FA8E8D70EEC8A5DE /* Pods-SketchApp.release.xcconfig */ = {isa = PBXFileReference; includeInIndex = 1; lastKnownFileType = text.xcconfig; name = "Pods-SketchApp.release.xcconfig"; path = "Target Support Files/Pods-SketchApp/Pods-SketchApp.release.xcconfig"; sourceTree = "<group>"; };
/* End PBXFileReference section */

/* Begin PBXFrameworksBuildPhase section */
		5B39C2DE27B7C8D30025A4A4 /* Frameworks */ = {
			isa = PBXFrameworksBuildPhase;
			buildActionMask = 2147483647;
			files = (
				3E903F64C502A356C46A269A /* Pods_SketchApp.framework in Frameworks */,
			);
			runOnlyForDeploymentPostprocessing = 0;
		};
/* End PBXFrameworksBuildPhase section */

/* Begin PBXGroup section */
		3633898352354E2D9C965076 /* Frameworks */ = {
			isa = PBXGroup;
			children = (
				FA632C75E2D4243F0E4A8176 /* Pods_SketchApp.framework */,
			);
			name = Frameworks;
			sourceTree = "<group>";
		};
		5B39C2D827B7C8D30025A4A4 = {
			isa = PBXGroup;
			children = (
				5B39C2E327B7C8D30025A4A4 /* SketchApp */,
				5B39C2E227B7C8D30025A4A4 /* Products */,
				D8ACE4102A199E8FF8BF2DD4 /* Pods */,
				3633898352354E2D9C965076 /* Frameworks */,
			);
			sourceTree = "<group>";
		};
		5B39C2E227B7C8D30025A4A4 /* Products */ = {
			isa = PBXGroup;
			children = (
				5B39C2E127B7C8D30025A4A4 /* SketchApp.app */,
			);
			name = Products;
			sourceTree = "<group>";
		};
		5B39C2E327B7C8D30025A4A4 /* SketchApp */ = {
			isa = PBXGroup;
			children = (
				5B39C2E427B7C8D30025A4A4 /* AppDelegate.swift */,
				5B0355D227D9FF11006731AE /* ScreenListViewController.swift */,
				5B39C2E827B7C8D30025A4A4 /* DrawViewController.swift */,
				5B39C30027B7CE270025A4A4 /* ImageDrawViewController.swift */,
				5B39C2F827B7C9100025A4A4 /* PencilViewController.swift */,
				5BF2DDC027B7E26600958460 /* PDFAnnotationViewController.swift */,
				5B39C2FA27B7C93A0025A4A4 /* TabBarViewController.swift */,
				085D24AA27D87FB2008FCC5F /* ARViewController.swift */,
				5B39C2FC27B7CD420025A4A4 /* Sketch+UIView.swift */,
				5B39C2FE27B7CDD50025A4A4 /* Sketch+UIImageView.swift */,
				5B8E767927DF132300470D0B /* MapBoxViewController.swift */,
				5B8E767B27DF134C00470D0B /* GoogleMapViewController.swift */,
				5B39C2ED27B7C8D50025A4A4 /* Assets.xcassets */,
				5B39C2EF27B7C8D50025A4A4 /* LaunchScreen.storyboard */,
				5B39C2F227B7C8D50025A4A4 /* Info.plist */,
			);
			path = SketchApp;
			sourceTree = "<group>";
		};
		D8ACE4102A199E8FF8BF2DD4 /* Pods */ = {
			isa = PBXGroup;
			children = (
				5641E6A144839B03AA670E8E /* Pods-SketchApp.debug.xcconfig */,
				FABD38A9FA8E8D70EEC8A5DE /* Pods-SketchApp.release.xcconfig */,
			);
			path = Pods;
			sourceTree = "<group>";
		};
/* End PBXGroup section */

/* Begin PBXNativeTarget section */
		5B39C2E027B7C8D30025A4A4 /* SketchApp */ = {
			isa = PBXNativeTarget;
			buildConfigurationList = 5B39C2F527B7C8D50025A4A4 /* Build configuration list for PBXNativeTarget "SketchApp" */;
			buildPhases = (
				335A306BB5E6714D796A58C1 /* [CP] Check Pods Manifest.lock */,
				5B39C2DD27B7C8D30025A4A4 /* Sources */,
				5B39C2DE27B7C8D30025A4A4 /* Frameworks */,
				5B39C2DF27B7C8D30025A4A4 /* Resources */,
				42758B34D3E6C61A03449D98 /* [CP] Embed Pods Frameworks */,
				B2B6CCEB509B73C4AC6EFCF8 /* [CP] Copy Pods Resources */,
			);
			buildRules = (
			);
			dependencies = (
			);
			name = SketchApp;
			productName = SketchApp;
			productReference = 5B39C2E127B7C8D30025A4A4 /* SketchApp.app */;
			productType = "com.apple.product-type.application";
		};
/* End PBXNativeTarget section */

/* Begin PBXProject section */
		5B39C2D927B7C8D30025A4A4 /* Project object */ = {
			isa = PBXProject;
			attributes = {
				LastSwiftUpdateCheck = 1310;
				LastUpgradeCheck = 1310;
				TargetAttributes = {
					5B39C2E027B7C8D30025A4A4 = {
						CreatedOnToolsVersion = 13.1;
					};
				};
			};
			buildConfigurationList = 5B39C2DC27B7C8D30025A4A4 /* Build configuration list for PBXProject "SketchApp" */;
			compatibilityVersion = "Xcode 9.3";
			developmentRegion = en;
			hasScannedForEncodings = 0;
			knownRegions = (
				en,
				Base,
			);
			mainGroup = 5B39C2D827B7C8D30025A4A4;
			productRefGroup = 5B39C2E227B7C8D30025A4A4 /* Products */;
			projectDirPath = "";
			projectRoot = "";
			targets = (
				5B39C2E027B7C8D30025A4A4 /* SketchApp */,
			);
		};
/* End PBXProject section */

/* Begin PBXResourcesBuildPhase section */
		5B39C2DF27B7C8D30025A4A4 /* Resources */ = {
			isa = PBXResourcesBuildPhase;
			buildActionMask = 2147483647;
			files = (
				5B39C2F127B7C8D50025A4A4 /* LaunchScreen.storyboard in Resources */,
				5B39C2EE27B7C8D50025A4A4 /* Assets.xcassets in Resources */,
			);
			runOnlyForDeploymentPostprocessing = 0;
		};
/* End PBXResourcesBuildPhase section */

/* Begin PBXShellScriptBuildPhase section */
		335A306BB5E6714D796A58C1 /* [CP] Check Pods Manifest.lock */ = {
			isa = PBXShellScriptBuildPhase;
			buildActionMask = 2147483647;
			files = (
			);
			inputFileListPaths = (
			);
			inputPaths = (
				"${PODS_PODFILE_DIR_PATH}/Podfile.lock",
				"${PODS_ROOT}/Manifest.lock",
			);
			name = "[CP] Check Pods Manifest.lock";
			outputFileListPaths = (
			);
			outputPaths = (
				"$(DERIVED_FILE_DIR)/Pods-SketchApp-checkManifestLockResult.txt",
			);
			runOnlyForDeploymentPostprocessing = 0;
			shellPath = /bin/sh;
			shellScript = "diff \"${PODS_PODFILE_DIR_PATH}/Podfile.lock\" \"${PODS_ROOT}/Manifest.lock\" > /dev/null\nif [ $? != 0 ] ; then\n    # print error to STDERR\n    echo \"error: The sandbox is not in sync with the Podfile.lock. Run 'pod install' or update your CocoaPods installation.\" >&2\n    exit 1\nfi\n# This output is used by Xcode 'outputs' to avoid re-running this script phase.\necho \"SUCCESS\" > \"${SCRIPT_OUTPUT_FILE_0}\"\n";
			showEnvVarsInLog = 0;
		};
		42758B34D3E6C61A03449D98 /* [CP] Embed Pods Frameworks */ = {
			isa = PBXShellScriptBuildPhase;
			buildActionMask = 2147483647;
			files = (
			);
			inputFileListPaths = (
				"${PODS_ROOT}/Target Support Files/Pods-SketchApp/Pods-SketchApp-frameworks-${CONFIGURATION}-input-files.xcfilelist",
			);
			name = "[CP] Embed Pods Frameworks";
			outputFileListPaths = (
				"${PODS_ROOT}/Target Support Files/Pods-SketchApp/Pods-SketchApp-frameworks-${CONFIGURATION}-output-files.xcfilelist",
			);
			runOnlyForDeploymentPostprocessing = 0;
			shellPath = /bin/sh;
			shellScript = "\"${PODS_ROOT}/Target Support Files/Pods-SketchApp/Pods-SketchApp-frameworks.sh\"\n";
			showEnvVarsInLog = 0;
		};
		B2B6CCEB509B73C4AC6EFCF8 /* [CP] Copy Pods Resources */ = {
			isa = PBXShellScriptBuildPhase;
			buildActionMask = 2147483647;
			files = (
			);
			inputFileListPaths = (
				"${PODS_ROOT}/Target Support Files/Pods-SketchApp/Pods-SketchApp-resources-${CONFIGURATION}-input-files.xcfilelist",
			);
			name = "[CP] Copy Pods Resources";
			outputFileListPaths = (
				"${PODS_ROOT}/Target Support Files/Pods-SketchApp/Pods-SketchApp-resources-${CONFIGURATION}-output-files.xcfilelist",
			);
			runOnlyForDeploymentPostprocessing = 0;
			shellPath = /bin/sh;
			shellScript = "\"${PODS_ROOT}/Target Support Files/Pods-SketchApp/Pods-SketchApp-resources.sh\"\n";
			showEnvVarsInLog = 0;
		};
/* End PBXShellScriptBuildPhase section */

/* Begin PBXSourcesBuildPhase section */
		5B39C2DD27B7C8D30025A4A4 /* Sources */ = {
			isa = PBXSourcesBuildPhase;
			buildActionMask = 2147483647;
			files = (
				5BF2DDC127B7E26600958460 /* PDFAnnotationViewController.swift in Sources */,
				5B39C2E927B7C8D30025A4A4 /* DrawViewController.swift in Sources */,
				5B8E767C27DF134C00470D0B /* GoogleMapViewController.swift in Sources */,
				5B39C2E527B7C8D30025A4A4 /* AppDelegate.swift in Sources */,
				5B39C30127B7CE270025A4A4 /* ImageDrawViewController.swift in Sources */,
				5B39C2FF27B7CDD50025A4A4 /* Sketch+UIImageView.swift in Sources */,
				5B39C2FB27B7C93A0025A4A4 /* TabBarViewController.swift in Sources */,
				5B8E767A27DF132300470D0B /* MapBoxViewController.swift in Sources */,
				5B0355D327D9FF11006731AE /* ScreenListViewController.swift in Sources */,
				085D24AB27D87FB2008FCC5F /* ARViewController.swift in Sources */,
				5B39C2FD27B7CD420025A4A4 /* Sketch+UIView.swift in Sources */,
				5B39C2F927B7C9100025A4A4 /* PencilViewController.swift in Sources */,
			);
			runOnlyForDeploymentPostprocessing = 0;
		};
/* End PBXSourcesBuildPhase section */

/* Begin PBXVariantGroup section */
		5B39C2EF27B7C8D50025A4A4 /* LaunchScreen.storyboard */ = {
			isa = PBXVariantGroup;
			children = (
				5B39C2F027B7C8D50025A4A4 /* Base */,
			);
			name = LaunchScreen.storyboard;
			sourceTree = "<group>";
		};
/* End PBXVariantGroup section */

/* Begin XCBuildConfiguration section */
		5B39C2F327B7C8D50025A4A4 /* Debug */ = {
			isa = XCBuildConfiguration;
			buildSettings = {
				ALWAYS_SEARCH_USER_PATHS = NO;
				CLANG_ANALYZER_NONNULL = YES;
				CLANG_ANALYZER_NUMBER_OBJECT_CONVERSION = YES_AGGRESSIVE;
				CLANG_CXX_LANGUAGE_STANDARD = "gnu++17";
				CLANG_CXX_LIBRARY = "libc++";
				CLANG_ENABLE_MODULES = YES;
				CLANG_ENABLE_OBJC_ARC = YES;
				CLANG_ENABLE_OBJC_WEAK = YES;
				CLANG_WARN_BLOCK_CAPTURE_AUTORELEASING = YES;
				CLANG_WARN_BOOL_CONVERSION = YES;
				CLANG_WARN_COMMA = YES;
				CLANG_WARN_CONSTANT_CONVERSION = YES;
				CLANG_WARN_DEPRECATED_OBJC_IMPLEMENTATIONS = YES;
				CLANG_WARN_DIRECT_OBJC_ISA_USAGE = YES_ERROR;
				CLANG_WARN_DOCUMENTATION_COMMENTS = YES;
				CLANG_WARN_EMPTY_BODY = YES;
				CLANG_WARN_ENUM_CONVERSION = YES;
				CLANG_WARN_INFINITE_RECURSION = YES;
				CLANG_WARN_INT_CONVERSION = YES;
				CLANG_WARN_NON_LITERAL_NULL_CONVERSION = YES;
				CLANG_WARN_OBJC_IMPLICIT_RETAIN_SELF = YES;
				CLANG_WARN_OBJC_LITERAL_CONVERSION = YES;
				CLANG_WARN_OBJC_ROOT_CLASS = YES_ERROR;
				CLANG_WARN_QUOTED_INCLUDE_IN_FRAMEWORK_HEADER = YES;
				CLANG_WARN_RANGE_LOOP_ANALYSIS = YES;
				CLANG_WARN_STRICT_PROTOTYPES = YES;
				CLANG_WARN_SUSPICIOUS_MOVE = YES;
				CLANG_WARN_UNGUARDED_AVAILABILITY = YES_AGGRESSIVE;
				CLANG_WARN_UNREACHABLE_CODE = YES;
				CLANG_WARN__DUPLICATE_METHOD_MATCH = YES;
				COPY_PHASE_STRIP = NO;
				DEBUG_INFORMATION_FORMAT = dwarf;
				ENABLE_STRICT_OBJC_MSGSEND = YES;
				ENABLE_TESTABILITY = YES;
				GCC_C_LANGUAGE_STANDARD = gnu11;
				GCC_DYNAMIC_NO_PIC = NO;
				GCC_NO_COMMON_BLOCKS = YES;
				GCC_OPTIMIZATION_LEVEL = 0;
				GCC_PREPROCESSOR_DEFINITIONS = (
					"DEBUG=1",
					"$(inherited)",
				);
				GCC_WARN_64_TO_32_BIT_CONVERSION = YES;
				GCC_WARN_ABOUT_RETURN_TYPE = YES_ERROR;
				GCC_WARN_UNDECLARED_SELECTOR = YES;
				GCC_WARN_UNINITIALIZED_AUTOS = YES_AGGRESSIVE;
				GCC_WARN_UNUSED_FUNCTION = YES;
				GCC_WARN_UNUSED_VARIABLE = YES;
				IPHONEOS_DEPLOYMENT_TARGET = 14.0;
				MTL_ENABLE_DEBUG_INFO = INCLUDE_SOURCE;
				MTL_FAST_MATH = YES;
				ONLY_ACTIVE_ARCH = YES;
				SDKROOT = iphoneos;
				SWIFT_ACTIVE_COMPILATION_CONDITIONS = DEBUG;
				SWIFT_OPTIMIZATION_LEVEL = "-Onone";
			};
			name = Debug;
		};
		5B39C2F427B7C8D50025A4A4 /* Release */ = {
			isa = XCBuildConfiguration;
			buildSettings = {
				ALWAYS_SEARCH_USER_PATHS = NO;
				CLANG_ANALYZER_NONNULL = YES;
				CLANG_ANALYZER_NUMBER_OBJECT_CONVERSION = YES_AGGRESSIVE;
				CLANG_CXX_LANGUAGE_STANDARD = "gnu++17";
				CLANG_CXX_LIBRARY = "libc++";
				CLANG_ENABLE_MODULES = YES;
				CLANG_ENABLE_OBJC_ARC = YES;
				CLANG_ENABLE_OBJC_WEAK = YES;
				CLANG_WARN_BLOCK_CAPTURE_AUTORELEASING = YES;
				CLANG_WARN_BOOL_CONVERSION = YES;
				CLANG_WARN_COMMA = YES;
				CLANG_WARN_CONSTANT_CONVERSION = YES;
				CLANG_WARN_DEPRECATED_OBJC_IMPLEMENTATIONS = YES;
				CLANG_WARN_DIRECT_OBJC_ISA_USAGE = YES_ERROR;
				CLANG_WARN_DOCUMENTATION_COMMENTS = YES;
				CLANG_WARN_EMPTY_BODY = YES;
				CLANG_WARN_ENUM_CONVERSION = YES;
				CLANG_WARN_INFINITE_RECURSION = YES;
				CLANG_WARN_INT_CONVERSION = YES;
				CLANG_WARN_NON_LITERAL_NULL_CONVERSION = YES;
				CLANG_WARN_OBJC_IMPLICIT_RETAIN_SELF = YES;
				CLANG_WARN_OBJC_LITERAL_CONVERSION = YES;
				CLANG_WARN_OBJC_ROOT_CLASS = YES_ERROR;
				CLANG_WARN_QUOTED_INCLUDE_IN_FRAMEWORK_HEADER = YES;
				CLANG_WARN_RANGE_LOOP_ANALYSIS = YES;
				CLANG_WARN_STRICT_PROTOTYPES = YES;
				CLANG_WARN_SUSPICIOUS_MOVE = YES;
				CLANG_WARN_UNGUARDED_AVAILABILITY = YES_AGGRESSIVE;
				CLANG_WARN_UNREACHABLE_CODE = YES;
				CLANG_WARN__DUPLICATE_METHOD_MATCH = YES;
				COPY_PHASE_STRIP = NO;
				DEBUG_INFORMATION_FORMAT = "dwarf-with-dsym";
				ENABLE_NS_ASSERTIONS = NO;
				ENABLE_STRICT_OBJC_MSGSEND = YES;
				GCC_C_LANGUAGE_STANDARD = gnu11;
				GCC_NO_COMMON_BLOCKS = YES;
				GCC_WARN_64_TO_32_BIT_CONVERSION = YES;
				GCC_WARN_ABOUT_RETURN_TYPE = YES_ERROR;
				GCC_WARN_UNDECLARED_SELECTOR = YES;
				GCC_WARN_UNINITIALIZED_AUTOS = YES_AGGRESSIVE;
				GCC_WARN_UNUSED_FUNCTION = YES;
				GCC_WARN_UNUSED_VARIABLE = YES;
				IPHONEOS_DEPLOYMENT_TARGET = 14.0;
				MTL_ENABLE_DEBUG_INFO = NO;
				MTL_FAST_MATH = YES;
				SDKROOT = iphoneos;
				SWIFT_COMPILATION_MODE = wholemodule;
				SWIFT_OPTIMIZATION_LEVEL = "-O";
				VALIDATE_PRODUCT = YES;
			};
			name = Release;
		};
		5B39C2F627B7C8D50025A4A4 /* Debug */ = {
			isa = XCBuildConfiguration;
			baseConfigurationReference = 5641E6A144839B03AA670E8E /* Pods-SketchApp.debug.xcconfig */;
			buildSettings = {
				ASSETCATALOG_COMPILER_APPICON_NAME = AppIcon;
				ASSETCATALOG_COMPILER_GLOBAL_ACCENT_COLOR_NAME = AccentColor;
				CODE_SIGN_STYLE = Automatic;
				CURRENT_PROJECT_VERSION = 1;
				DEVELOPMENT_TEAM = PGP7B8YQAS;
				GENERATE_INFOPLIST_FILE = YES;
				INFOPLIST_FILE = SketchApp/Info.plist;
				INFOPLIST_KEY_UIApplicationSupportsIndirectInputEvents = YES;
				INFOPLIST_KEY_UILaunchStoryboardName = LaunchScreen;
				INFOPLIST_KEY_UISupportedInterfaceOrientations_iPad = "UIInterfaceOrientationPortrait UIInterfaceOrientationPortraitUpsideDown UIInterfaceOrientationLandscapeLeft UIInterfaceOrientationLandscapeRight";
				INFOPLIST_KEY_UISupportedInterfaceOrientations_iPhone = "UIInterfaceOrientationPortrait UIInterfaceOrientationLandscapeLeft UIInterfaceOrientationLandscapeRight";
				IPHONEOS_DEPLOYMENT_TARGET = 14.0;
				LD_RUNPATH_SEARCH_PATHS = (
					"$(inherited)",
					"@executable_path/Frameworks",
				);
				MARKETING_VERSION = 1.0.0;
				PRODUCT_BUNDLE_IDENTIFIER = com.iichirokawashima.SketchApp;
				PRODUCT_NAME = "$(TARGET_NAME)";
				SWIFT_EMIT_LOC_STRINGS = YES;
				SWIFT_VERSION = 5.0;
				TARGETED_DEVICE_FAMILY = "1,2";
			};
			name = Debug;
		};
		5B39C2F727B7C8D50025A4A4 /* Release */ = {
			isa = XCBuildConfiguration;
			baseConfigurationReference = FABD38A9FA8E8D70EEC8A5DE /* Pods-SketchApp.release.xcconfig */;
			buildSettings = {
				ASSETCATALOG_COMPILER_APPICON_NAME = AppIcon;
				ASSETCATALOG_COMPILER_GLOBAL_ACCENT_COLOR_NAME = AccentColor;
				CODE_SIGN_STYLE = Automatic;
				CURRENT_PROJECT_VERSION = 1;
				DEVELOPMENT_TEAM = PGP7B8YQAS;
				GENERATE_INFOPLIST_FILE = YES;
				INFOPLIST_FILE = SketchApp/Info.plist;
				INFOPLIST_KEY_UIApplicationSupportsIndirectInputEvents = YES;
				INFOPLIST_KEY_UILaunchStoryboardName = LaunchScreen;
				INFOPLIST_KEY_UISupportedInterfaceOrientations_iPad = "UIInterfaceOrientationPortrait UIInterfaceOrientationPortraitUpsideDown UIInterfaceOrientationLandscapeLeft UIInterfaceOrientationLandscapeRight";
				INFOPLIST_KEY_UISupportedInterfaceOrientations_iPhone = "UIInterfaceOrientationPortrait UIInterfaceOrientationLandscapeLeft UIInterfaceOrientationLandscapeRight";
				IPHONEOS_DEPLOYMENT_TARGET = 14.0;
				LD_RUNPATH_SEARCH_PATHS = (
					"$(inherited)",
					"@executable_path/Frameworks",
				);
				MARKETING_VERSION = 1.0.0;
				PRODUCT_BUNDLE_IDENTIFIER = com.iichirokawashima.SketchApp;
				PRODUCT_NAME = "$(TARGET_NAME)";
				SWIFT_EMIT_LOC_STRINGS = YES;
				SWIFT_VERSION = 5.0;
				TARGETED_DEVICE_FAMILY = "1,2";
			};
			name = Release;
		};
/* End XCBuildConfiguration section */

/* Begin XCConfigurationList section */
		5B39C2DC27B7C8D30025A4A4 /* Build configuration list for PBXProject "SketchApp" */ = {
			isa = XCConfigurationList;
			buildConfigurations = (
				5B39C2F327B7C8D50025A4A4 /* Debug */,
				5B39C2F427B7C8D50025A4A4 /* Release */,
			);
			defaultConfigurationIsVisible = 0;
			defaultConfigurationName = Release;
		};
		5B39C2F527B7C8D50025A4A4 /* Build configuration list for PBXNativeTarget "SketchApp" */ = {
			isa = XCConfigurationList;
			buildConfigurations = (
				5B39C2F627B7C8D50025A4A4 /* Debug */,
				5B39C2F727B7C8D50025A4A4 /* Release */,
			);
			defaultConfigurationIsVisible = 0;
			defaultConfigurationName = Release;
		};
/* End XCConfigurationList section */
	};
	rootObject = 5B39C2D927B7C8D30025A4A4 /* Project object */;
}
